
Microsoft Visual Studio Solution File, Format Version 12.00
# Visual Studio Version 17
VisualStudioVersion = 17.9.34701.34
MinimumVisualStudioVersion = 10.0.40219.1
Project("{FAE04EC0-301F-11D3-BF4B-00C04F79EFBC}") = "TaskForEvent", "TaskForEvent\TaskForEvent.csproj", "{12E54F11-1EB5-487A-8DD6-CFE211C9B2C0}"
EndProject
Global
	GlobalSection(SolutionConfigurationPlatforms) = preSolution
		Debug|Any CPU = Debug|Any CPU
		Release|Any CPU = Release|Any CPU
	EndGlobalSection
	GlobalSection(ProjectConfigurationPlatforms) = postSolution
		{12E54F11-1EB5-487A-8DD6-CFE211C9B2C0}.Debug|Any CPU.ActiveCfg = Debug|Any CPU
		{12E54F11-1EB5-487A-8DD6-CFE211C9B2C0}.Debug|Any CPU.Build.0 = Debug|Any CPU
		{12E54F11-1EB5-487A-8DD6-CFE211C9B2C0}.Release|Any CPU.ActiveCfg = Release|Any CPU
		{12E54F11-1EB5-487A-8DD6-CFE211C9B2C0}.Release|Any CPU.Build.0 = Release|Any CPU
	EndGlobalSection
	GlobalSection(SolutionProperties) = preSolution
		HideSolutionNode = FALSE
	EndGlobalSection
	GlobalSection(ExtensibilityGlobals) = postSolution
		SolutionGuid = {DA3B9244-CF33-4DE2-BBE0-6CC88FF77B21}
	EndGlobalSection
EndGlobal
